Microsoft Visual Studio Solution File, Format Version 11.00
# Visual Studio 2008

Project("{66437279-2A01-2884-20A0-4C3DEC19E5A2}") = "Rainbow Rumpus Factory", "Assembly-CSharp.csproj", "{804701D1-CA3A-C2FA-7AFC-A93FC3DB4EA5}"
EndProject
Global
	GlobalSection(SolutionConfigurationPlatforms) = preSolution
		Debug|Any CPU = Debug|Any CPU
		Release|Any CPU = Release|Any CPU
	EndGlobalSection
	GlobalSection(ProjectConfigurationPlatforms) = postSolution
		{804701D1-CA3A-C2FA-7AFC-A93FC3DB4EA5}.Debug|Any CPU.ActiveCfg = Debug|Any CPU
		{804701D1-CA3A-C2FA-7AFC-A93FC3DB4EA5}.Debug|Any CPU.Build.0 = Debug|Any CPU
		{804701D1-CA3A-C2FA-7AFC-A93FC3DB4EA5}.Release|Any CPU.ActiveCfg = Release|Any CPU
		{804701D1-CA3A-C2FA-7AFC-A93FC3DB4EA5}.Release|Any CPU.Build.0 = Release|Any CPU
	EndGlobalSection
	GlobalSection(SolutionProperties) = preSolution
		HideSolutionNode = FALSE
	EndGlobalSection
	GlobalSection(MonoDevelopProperties) = preSolution
		StartupItem = Assembly-CSharp.csproj
	EndGlobalSection
EndGlobal
